{
  "name": "@webergency/billing",
  "version": "0.0.9",
  "lockfileVersion": 2,
  "requires": true,
  "packages": {
    "": {
      "name": "@webergency/billing",
      "version": "0.0.9",
      "license": "MIT",
      "dependencies": {
        "@webergency/api": "^0.0.6"
      }
    },
    "node_modules/@liqd-js/alg-object-merge": {
      "version": "1.0.1",
      "resolved": "https://registry.npmjs.org/@liqd-js/alg-object-merge/-/alg-object-merge-1.0.1.tgz",
      "integrity": "sha512-pJSINesVaI1ZKoiFNRFPGt5Ku8/EMrOnWb7FpKQhv8IDh+3/rwvb3XXfHoNcw2hBbwc/dWzu0VbS/vprIMvRpA=="
    },
    "node_modules/@liqd-js/client": {
      "version": "1.3.7",
      "resolved": "https://registry.npmjs.org/@liqd-js/client/-/client-1.3.7.tgz",
      "integrity": "sha512-KZeiNY+EP0sSRDdQzGQiRTieZJO3IH5X/Eyu234eNX+qMJLV/3iAXQmE/HYkMFFi6dE5o/OJ6aajWrEDx47lyA==",
      "dependencies": {
        "@liqd-js/alg-object-merge": "^1.0.1",
        "@liqd-js/ejson": "^0.0.3",
        "@liqd-js/querystring": "^1.3.1"
      }
    },
    "node_modules/@liqd-js/ejson": {
      "version": "0.0.3",
      "resolved": "https://registry.npmjs.org/@liqd-js/ejson/-/ejson-0.0.3.tgz",
      "integrity": "sha512-hWhEEumIc0R2Ri+Q7g+MjUZXJIdm/XJbOLPNDT9EcnzrMn9DZnxuIk6liuwwJanvhqLBXSmM4v+sQDZo3r2Ojw=="
    },
    "node_modules/@liqd-js/handle": {
      "version": "1.0.3",
      "resolved": "https://registry.npmjs.org/@liqd-js/handle/-/handle-1.0.3.tgz",
      "integrity": "sha512-zXm8NLMPLY6QlFP52MGEKniW55/1FePzOklvnW1mwA6bsIvghcAllcu4zWJLBa5I7BygGIvjxCaZCilGNEbS1A=="
    },
    "node_modules/@liqd-js/querystring": {
      "version": "1.3.1",
      "resolved": "https://registry.npmjs.org/@liqd-js/querystring/-/querystring-1.3.1.tgz",
      "integrity": "sha512-yM/rs02WSF9C3aeMrc8BjEwgS5+xnlolSAW8g7UZ15QHIJ1iq6f++tA45MnF35uO1+TOKUNeikQyg6R5lTps0A=="
    },
    "node_modules/@webergency/api": {
      "version": "0.0.6",
      "resolved": "https://npm.pkg.github.com/download/@webergency/api/0.0.6/5822326d55ff349cbe82ce2112f6ad68fbc5429283f3284baa3b0a044514f4a5",
      "integrity": "sha512-zUDm6wzGojSjTsG5lEuW+KV4yBHrqQ0FmSHDN/d5UFFfTprCeb9ObD7Ysg6swrbwjjUQYYpt/JpIYdnpQElXog==",
      "license": "MIT",
      "dependencies": {
        "@liqd-js/alg-object-merge": "^1.0.1",
        "@liqd-js/client": "^1.3.7",
        "@liqd-js/handle": "^1.0.3"
      }
    }
  },
  "dependencies": {
    "@liqd-js/alg-object-merge": {
      "version": "1.0.1",
      "resolved": "https://registry.npmjs.org/@liqd-js/alg-object-merge/-/alg-object-merge-1.0.1.tgz",
      "integrity": "sha512-pJSINesVaI1ZKoiFNRFPGt5Ku8/EMrOnWb7FpKQhv8IDh+3/rwvb3XXfHoNcw2hBbwc/dWzu0VbS/vprIMvRpA=="
    },
    "@liqd-js/client": {
      "version": "1.3.7",
      "resolved": "https://registry.npmjs.org/@liqd-js/client/-/client-1.3.7.tgz",
      "integrity": "sha512-KZeiNY+EP0sSRDdQzGQiRTieZJO3IH5X/Eyu234eNX+qMJLV/3iAXQmE/HYkMFFi6dE5o/OJ6aajWrEDx47lyA==",
      "requires": {
        "@liqd-js/alg-object-merge": "^1.0.1",
        "@liqd-js/ejson": "^0.0.3",
        "@liqd-js/querystring": "^1.3.1"
      }
    },
    "@liqd-js/ejson": {
      "version": "0.0.3",
      "resolved": "https://registry.npmjs.org/@liqd-js/ejson/-/ejson-0.0.3.tgz",
      "integrity": "sha512-hWhEEumIc0R2Ri+Q7g+MjUZXJIdm/XJbOLPNDT9EcnzrMn9DZnxuIk6liuwwJanvhqLBXSmM4v+sQDZo3r2Ojw=="
    },
    "@liqd-js/handle": {
      "version": "1.0.3",
      "resolved": "https://registry.npmjs.org/@liqd-js/handle/-/handle-1.0.3.tgz",
      "integrity": "sha512-zXm8NLMPLY6QlFP52MGEKniW55/1FePzOklvnW1mwA6bsIvghcAllcu4zWJLBa5I7BygGIvjxCaZCilGNEbS1A=="
    },
    "@liqd-js/querystring": {
      "version": "1.3.1",
      "resolved": "https://registry.npmjs.org/@liqd-js/querystring/-/querystring-1.3.1.tgz",
      "integrity": "sha512-yM/rs02WSF9C3aeMrc8BjEwgS5+xnlolSAW8g7UZ15QHIJ1iq6f++tA45MnF35uO1+TOKUNeikQyg6R5lTps0A=="
    },
    "@webergency/api": {
      "version": "0.0.6",
      "resolved": "https://npm.pkg.github.com/download/@webergency/api/0.0.6/5822326d55ff349cbe82ce2112f6ad68fbc5429283f3284baa3b0a044514f4a5",
      "integrity": "sha512-zUDm6wzGojSjTsG5lEuW+KV4yBHrqQ0FmSHDN/d5UFFfTprCeb9ObD7Ysg6swrbwjjUQYYpt/JpIYdnpQElXog==",
      "requires": {
        "@liqd-js/alg-object-merge": "^1.0.1",
        "@liqd-js/client": "^1.3.7",
        "@liqd-js/handle": "^1.0.3"
      }
    }
  }
}
